// !$*UTF8*$!
{
	archiveVersion = 1;
	classes = {
	};
	objectVersion = 77;
	objects = {

/* Begin PBXContainerItemProxy section */
		38BF6FA32E843AAE004EE414 /* PBXContainerItemProxy */ = {
			isa = PBXContainerItemProxy;
			containerPortal = 38BF6F842E843AA9004EE414 /* Project object */;
			proxyType = 1;
			remoteGlobalIDString = 38BF6F8B2E843AA9004EE414;
			remoteInfo = CIAndT_Test;
		};
		38BF6FAD2E843AAE004EE414 /* PBXContainerItemProxy */ = {
			isa = PBXContainerItemProxy;
			containerPortal = 38BF6F842E843AA9004EE414 /* Project object */;
			proxyType = 1;
			remoteGlobalIDString = 38BF6F8B2E843AA9004EE414;
			remoteInfo = CIAndT_Test;
		};
/* End PBXContainerItemProxy section */

/* Begin PBXFileReference section */
		38BF6F8C2E843AA9004EE414 /* CIAndT_Test.app */ = {isa = PBXFileReference; explicitFileType = wrapper.application; includeInIndex = 0; path = CIAndT_Test.app; sourceTree = BUILT_PRODUCTS_DIR; };
		38BF6FA22E843AAE004EE414 /* CIAndT_TestTests.xctest */ = {isa = PBXFileReference; explicitFileType = wrapper.cfbundle; includeInIndex = 0; path = CIAndT_TestTests.xctest; sourceTree = BUILT_PRODUCTS_DIR; };
		38BF6FAC2E843AAE004EE414 /* CIAndT_TestUITests.xctest */ = {isa = PBXFileReference; explicitFileType = wrapper.cfbundle; includeInIndex = 0; path = CIAndT_TestUITests.xctest; sourceTree = BUILT_PRODUCTS_DIR; };
/* End PBXFileReference section */

/* Begin PBXFileSystemSynchronizedBuildFileExceptionSet section */
		38BF6FB42E843AAE004EE414 /* Exceptions for "CIAndT_Test" folder in "CIAndT_Test" target */ = {
			isa = PBXFileSystemSynchronizedBuildFileExceptionSet;
			membershipExceptions = (
				Info.plist,
			);
			target = 38BF6F8B2E843AA9004EE414 /* CIAndT_Test */;
		};
/* End PBXFileSystemSynchronizedBuildFileExceptionSet section */

/* Begin PBXFileSystemSynchronizedRootGroup section */
		38BF6F8E2E843AA9004EE414 /* CIAndT_Test */ = {
			isa = PBXFileSystemSynchronizedRootGroup;
			exceptions = (
				38BF6FB42E843AAE004EE414 /* Exceptions for "CIAndT_Test" folder in "CIAndT_Test" target */,
			);
			path = CIAndT_Test;
			sourceTree = "<group>";
		};
		38BF6FA52E843AAE004EE414 /* CIAndT_TestTests */ = {
			isa = PBXFileSystemSynchronizedRootGroup;
			path = CIAndT_TestTests;
			sourceTree = "<group>";
		};
		38BF6FAF2E843AAE004EE414 /* CIAndT_TestUITests */ = {
			isa = PBXFileSystemSynchronizedRootGroup;
			path = CIAndT_TestUITests;
			sourceTree = "<group>";
		};
/* End PBXFileSystemSynchronizedRootGroup section */

/* Begin PBXFrameworksBuildPhase section */
		38BF6F892E843AA9004EE414 /* Frameworks */ = {
			isa = PBXFrameworksBuildPhase;
			buildActionMask = 2147483647;
			files = (
			);
			runOnlyForDeploymentPostprocessing = 0;
		};
		38BF6F9F2E843AAE004EE414 /* Frameworks */ = {
			isa = PBXFrameworksBuildPhase;
			buildActionMask = 2147483647;
			files = (
			);
			runOnlyForDeploymentPostprocessing = 0;
		};
		38BF6FA92E843AAE004EE414 /* Frameworks */ = {
			isa = PBXFrameworksBuildPhase;
			buildActionMask = 2147483647;
			files = (
			);
			runOnlyForDeploymentPostprocessing = 0;
		};
/* End PBXFrameworksBuildPhase section */

/* Begin PBXGroup section */
		38BF6F832E843AA9004EE414 = {
			isa = PBXGroup;
			children = (
				38BF6F8E2E843AA9004EE414 /* CIAndT_Test */,
				38BF6FA52E843AAE004EE414 /* CIAndT_TestTests */,
				38BF6FAF2E843AAE004EE414 /* CIAndT_TestUITests */,
				38BF6F8D2E843AA9004EE414 /* Products */,
			);
			sourceTree = "<group>";
		};
		38BF6F8D2E843AA9004EE414 /* Products */ = {
			isa = PBXGroup;
			children = (
				38BF6F8C2E843AA9004EE414 /* CIAndT_Test.app */,
				38BF6FA22E843AAE004EE414 /* CIAndT_TestTests.xctest */,
				38BF6FAC2E843AAE004EE414 /* CIAndT_TestUITests.xctest */,
			);
			name = Products;
			sourceTree = "<group>";
		};
/* End PBXGroup section */

/* Begin PBXNativeTarget section */
		38BF6F8B2E843AA9004EE414 /* CIAndT_Test */ = {
			isa = PBXNativeTarget;
			buildConfigurationList = 38BF6FB52E843AAE004EE414 /* Build configuration list for PBXNativeTarget "CIAndT_Test" */;
			buildPhases = (
				38BF6F882E843AA9004EE414 /* Sources */,
				38BF6F892E843AA9004EE414 /* Frameworks */,
				38BF6F8A2E843AA9004EE414 /* Resources */,
			);
			buildRules = (
			);
			dependencies = (
			);
			fileSystemSynchronizedGroups = (
				38BF6F8E2E843AA9004EE414 /* CIAndT_Test */,
			);
			name = CIAndT_Test;
			packageProductDependencies = (
			);
			productName = CIAndT_Test;
			productReference = 38BF6F8C2E843AA9004EE414 /* CIAndT_Test.app */;
			productType = "com.apple.product-type.application";
		};
		38BF6FA12E843AAE004EE414 /* CIAndT_TestTests */ = {
			isa = PBXNativeTarget;
			buildConfigurationList = 38BF6FBA2E843AAE004EE414 /* Build configuration list for PBXNativeTarget "CIAndT_TestTests" */;
			buildPhases = (
				38BF6F9E2E843AAE004EE414 /* Sources */,
				38BF6F9F2E843AAE004EE414 /* Frameworks */,
				38BF6FA02E843AAE004EE414 /* Resources */,
			);
			buildRules = (
			);
			dependencies = (
				38BF6FA42E843AAE004EE414 /* PBXTargetDependency */,
			);
			fileSystemSynchronizedGroups = (
				38BF6FA52E843AAE004EE414 /* CIAndT_TestTests */,
			);
			name = CIAndT_TestTests;
			packageProductDependencies = (
			);
			productName = CIAndT_TestTests;
			productReference = 38BF6FA22E843AAE004EE414 /* CIAndT_TestTests.xctest */;
			productType = "com.apple.product-type.bundle.unit-test";
		};
		38BF6FAB2E843AAE004EE414 /* CIAndT_TestUITests */ = {
			isa = PBXNativeTarget;
			buildConfigurationList = 38BF6FBD2E843AAE004EE414 /* Build configuration list for PBXNativeTarget "CIAndT_TestUITests" */;
			buildPhases = (
				38BF6FA82E843AAE004EE414 /* Sources */,
				38BF6FA92E843AAE004EE414 /* Frameworks */,
				38BF6FAA2E843AAE004EE414 /* Resources */,
			);
			buildRules = (
			);
			dependencies = (
				38BF6FAE2E843AAE004EE414 /* PBXTargetDependency */,
			);
			fileSystemSynchronizedGroups = (
				38BF6FAF2E843AAE004EE414 /* CIAndT_TestUITests */,
			);
			name = CIAndT_TestUITests;
			packageProductDependencies = (
			);
			productName = CIAndT_TestUITests;
			productReference = 38BF6FAC2E843AAE004EE414 /* CIAndT_TestUITests.xctest */;
			productType = "com.apple.product-type.bundle.ui-testing";
		};
/* End PBXNativeTarget section */

/* Begin PBXProject section */
		38BF6F842E843AA9004EE414 /* Project object */ = {
			isa = PBXProject;
			attributes = {
				BuildIndependentTargetsInParallel = 1;
				LastSwiftUpdateCheck = 1640;
				LastUpgradeCheck = 1640;
				TargetAttributes = {
					38BF6F8B2E843AA9004EE414 = {
						CreatedOnToolsVersion = 16.4;
					};
					38BF6FA12E843AAE004EE414 = {
						CreatedOnToolsVersion = 16.4;
						TestTargetID = 38BF6F8B2E843AA9004EE414;
					};
					38BF6FAB2E843AAE004EE414 = {
						CreatedOnToolsVersion = 16.4;
						TestTargetID = 38BF6F8B2E843AA9004EE414;
					};
				};
			};
			buildConfigurationList = 38BF6F872E843AA9004EE414 /* Build configuration list for PBXProject "CIAndT_Test" */;
			developmentRegion = en;
			hasScannedForEncodings = 0;
			knownRegions = (
				en,
				Base,
			);
			mainGroup = 38BF6F832E843AA9004EE414;
			minimizedProjectReferenceProxies = 1;
			preferredProjectObjectVersion = 77;
			productRefGroup = 38BF6F8D2E843AA9004EE414 /* Products */;
			projectDirPath = "";
			projectRoot = "";
			targets = (
				38BF6F8B2E843AA9004EE414 /* CIAndT_Test */,
				38BF6FA12E843AAE004EE414 /* CIAndT_TestTests */,
				38BF6FAB2E843AAE004EE414 /* CIAndT_TestUITests */,
			);
		};
/* End PBXProject section */

/* Begin PBXResourcesBuildPhase section */
		38BF6F8A2E843AA9004EE414 /* Resources */ = {
			isa = PBXResourcesBuildPhase;
			buildActionMask = 2147483647;
			files = (
			);
			runOnlyForDeploymentPostprocessing = 0;
		};
		38BF6FA02E843AAE004EE414 /* Resources */ = {
			isa = PBXResourcesBuildPhase;
			buildActionMask = 2147483647;
			files = (
			);
			runOnlyForDeploymentPostprocessing = 0;
		};
		38BF6FAA2E843AAE004EE414 /* Resources */ = {
			isa = PBXResourcesBuildPhase;
			buildActionMask = 2147483647;
			files = (
			);
			runOnlyForDeploymentPostprocessing = 0;
		};
/* End PBXResourcesBuildPhase section */

/* Begin PBXSourcesBuildPhase section */
		38BF6F882E843AA9004EE414 /* Sources */ = {
			isa = PBXSourcesBuildPhase;
			buildActionMask = 2147483647;
			files = (
			);
			runOnlyForDeploymentPostprocessing = 0;
		};
		38BF6F9E2E843AAE004EE414 /* Sources */ = {
			isa = PBXSourcesBuildPhase;
			buildActionMask = 2147483647;
			files = (
			);
			runOnlyForDeploymentPostprocessing = 0;
		};
		38BF6FA82E843AAE004EE414 /* Sources */ = {
			isa = PBXSourcesBuildPhase;
			buildActionMask = 2147483647;
			files = (
			);
			runOnlyForDeploymentPostprocessing = 0;
		};
/* End PBXSourcesBuildPhase section */

/* Begin PBXTargetDependency section */
		38BF6FA42E843AAE004EE414 /* PBXTargetDependency */ = {
			isa = PBXTargetDependency;
			target = 38BF6F8B2E843AA9004EE414 /* CIAndT_Test */;
			targetProxy = 38BF6FA32E843AAE004EE414 /* PBXContainerItemProxy */;
		};
		38BF6FAE2E843AAE004EE414 /* PBXTargetDependency */ = {
			isa = PBXTargetDependency;
			target = 38BF6F8B2E843AA9004EE414 /* CIAndT_Test */;
			targetProxy = 38BF6FAD2E843AAE004EE414 /* PBXContainerItemProxy */;
		};
/* End PBXTargetDependency section */

/* Begin XCBuildConfiguration section */
		38BF6FB62E843AAE004EE414 /* Debug */ = {
			isa = XCBuildConfiguration;
			buildSettings = {
				ASSETCATALOG_COMPILER_APPICON_NAME = AppIcon;
				ASSETCATALOG_COMPILER_GLOBAL_ACCENT_COLOR_NAME = AccentColor;
				CODE_SIGN_STYLE = Automatic;
				CURRENT_PROJECT_VERSION = 1;
				GENERATE_INFOPLIST_FILE = YES;
				INFOPLIST_FILE = CIAndT_Test/Info.plist;
				INFOPLIST_KEY_UIApplicationSupportsIndirectInputEvents = YES;
				INFOPLIST_KEY_UILaunchStoryboardName = LaunchScreen;
				INFOPLIST_KEY_UISupportedInterfaceOrientations_iPad = "UIInterfaceOrientationPortrait UIInterfaceOrientationPortraitUpsideDown UIInterfaceOrientationLandscapeLeft UIInterfaceOrientationLandscapeRight";
				INFOPLIST_KEY_UISupportedInterfaceOrientations_iPhone = "UIInterfaceOrientationPortrait UIInterfaceOrientationLandscapeLeft UIInterfaceOrientationLandscapeRight";
				LD_RUNPATH_SEARCH_PATHS = (
					"$(inherited)",
					"@executable_path/Frameworks",
				);
				MARKETING_VERSION = 1.0;
				PRODUCT_BUNDLE_IDENTIFIER = "denisFortuna.CIAndT-Test";
				PRODUCT_NAME = "$(TARGET_NAME)";
				SWIFT_EMIT_LOC_STRINGS = YES;
				SWIFT_VERSION = 5.0;
				TARGETED_DEVICE_FAMILY = "1,2";
			};
			name = Debug;
		};
		38BF6FB72E843AAE004EE414 /* Release */ = {
			isa = XCBuildConfiguration;
			buildSettings = {
				ASSETCATALOG_COMPILER_APPICON_NAME = AppIcon;
				ASSETCATALOG_COMPILER_GLOBAL_ACCENT_COLOR_NAME = AccentColor;
				CODE_SIGN_STYLE = Automatic;
				CURRENT_PROJECT_VERSION = 1;
				GENERATE_INFOPLIST_FILE = YES;
				INFOPLIST_FILE = CIAndT_Test/Info.plist;
				INFOPLIST_KEY_UIApplicationSupportsIndirectInputEvents = YES;
				INFOPLIST_KEY_UILaunchStoryboardName = LaunchScreen;
				INFOPLIST_KEY_UISupportedInterfaceOrientations_iPad = "UIInterfaceOrientationPortrait UIInterfaceOrientationPortraitUpsideDown UIInterfaceOrientationLandscapeLeft UIInterfaceOrientationLandscapeRight";
				INFOPLIST_KEY_UISupportedInterfaceOrientations_iPhone = "UIInterfaceOrientationPortrait UIInterfaceOrientationLandscapeLeft UIInterfaceOrientationLandscapeRight";
				LD_RUNPATH_SEARCH_PATHS = (
					"$(inherited)",
					"@executable_path/Frameworks",
				);
				MARKETING_VERSION = 1.0;
				PRODUCT_BUNDLE_IDENTIFIER = "denisFortuna.CIAndT-Test";
				PRODUCT_NAME = "$(TARGET_NAME)";
				SWIFT_EMIT_LOC_STRINGS = YES;
				SWIFT_VERSION = 5.0;
				TARGETED_DEVICE_FAMILY = "1,2";
			};
			name = Release;
		};
		38BF6FB82E843AAE004EE414 /* Debug */ = {
			isa = XCBuildConfiguration;
			buildSettings = {
				ALWAYS_SEARCH_USER_PATHS = NO;
				ASSETCATALOG_COMPILER_GENERATE_SWIFT_ASSET_SYMBOL_EXTENSIONS = YES;
				CLANG_ANALYZER_NONNULL = YES;
				CLANG_ANALYZER_NUMBER_OBJECT_CONVERSION = YES_AGGRESSIVE;
				CLANG_CXX_LANGUAGE_STANDARD = "gnu++20";
				CLANG_ENABLE_MODULES = YES;
				CLANG_ENABLE_OBJC_ARC = YES;
				CLANG_ENABLE_OBJC_WEAK = YES;
				CLANG_WARN_BLOCK_CAPTURE_AUTORELEASING = YES;
				CLANG_WARN_BOOL_CONVERSION = YES;
				CLANG_WARN_COMMA = YES;
				CLANG_WARN_CONSTANT_CONVERSION = YES;
				CLANG_WARN_DEPRECATED_OBJC_IMPLEMENTATIONS = YES;
				CLANG_WARN_DIRECT_OBJC_ISA_USAGE = YES_ERROR;
				CLANG_WARN_DOCUMENTATION_COMMENTS = YES;
				CLANG_WARN_EMPTY_BODY = YES;
				CLANG_WARN_ENUM_CONVERSION = YES;
				CLANG_WARN_INFINITE_RECURSION = YES;
				CLANG_WARN_INT_CONVERSION = YES;
				CLANG_WARN_NON_LITERAL_NULL_CONVERSION = YES;
				CLANG_WARN_OBJC_IMPLICIT_RETAIN_SELF = YES;
				CLANG_WARN_OBJC_LITERAL_CONVERSION = YES;
				CLANG_WARN_OBJC_ROOT_CLASS = YES_ERROR;
				CLANG_WARN_QUOTED_INCLUDE_IN_FRAMEWORK_HEADER = YES;
				CLANG_WARN_RANGE_LOOP_ANALYSIS = YES;
				CLANG_WARN_STRICT_PROTOTYPES = YES;
				CLANG_WARN_SUSPICIOUS_MOVE = YES;
				CLANG_WARN_UNGUARDED_AVAILABILITY = YES_AGGRESSIVE;
				CLANG_WARN_UNREACHABLE_CODE = YES;
				CLANG_WARN__DUPLICATE_METHOD_MATCH = YES;
				COPY_PHASE_STRIP = NO;
				DEBUG_INFORMATION_FORMAT = dwarf;
				ENABLE_STRICT_OBJC_MSGSEND = YES;
				ENABLE_TESTABILITY = YES;
				ENABLE_USER_SCRIPT_SANDBOXING = YES;
				GCC_C_LANGUAGE_STANDARD = gnu17;
				GCC_DYNAMIC_NO_PIC = NO;
				GCC_NO_COMMON_BLOCKS = YES;
				GCC_OPTIMIZATION_LEVEL = 0;
				GCC_PREPROCESSOR_DEFINITIONS = (
					"DEBUG=1",
					"$(inherited)",
				);
				GCC_WARN_64_TO_32_BIT_CONVERSION = YES;
				GCC_WARN_ABOUT_RETURN_TYPE = YES_ERROR;
				GCC_WARN_UNDECLARED_SELECTOR = YES;
				GCC_WARN_UNINITIALIZED_AUTOS = YES_AGGRESSIVE;
				GCC_WARN_UNUSED_FUNCTION = YES;
				GCC_WARN_UNUSED_VARIABLE = YES;
				IPHONEOS_DEPLOYMENT_TARGET = 18.5;
				LOCALIZATION_PREFERS_STRING_CATALOGS = YES;
				MTL_ENABLE_DEBUG_INFO = INCLUDE_SOURCE;
				MTL_FAST_MATH = YES;
				ONLY_ACTIVE_ARCH = YES;
				SDKROOT = iphoneos;
				SWIFT_ACTIVE_COMPILATION_CONDITIONS = "DEBUG $(inherited)";
				SWIFT_OPTIMIZATION_LEVEL = "-Onone";
			};
			name = Debug;
		};
		38BF6FB92E843AAE004EE414 /* Release */ = {
			isa = XCBuildConfiguration;
			buildSettings = {
				ALWAYS_SEARCH_USER_PATHS = NO;
				ASSETCATALOG_COMPILER_GENERATE_SWIFT_ASSET_SYMBOL_EXTENSIONS = YES;
				CLANG_ANALYZER_NONNULL = YES;
				CLANG_ANALYZER_NUMBER_OBJECT_CONVERSION = YES_AGGRESSIVE;
				CLANG_CXX_LANGUAGE_STANDARD = "gnu++20";
				CLANG_ENABLE_MODULES = YES;
				CLANG_ENABLE_OBJC_ARC = YES;
				CLANG_ENABLE_OBJC_WEAK = YES;
				CLANG_WARN_BLOCK_CAPTURE_AUTORELEASING = YES;
				CLANG_WARN_BOOL_CONVERSION = YES;
				CLANG_WARN_COMMA = YES;
				CLANG_WARN_CONSTANT_CONVERSION = YES;
				CLANG_WARN_DEPRECATED_OBJC_IMPLEMENTATIONS = YES;
				CLANG_WARN_DIRECT_OBJC_ISA_USAGE = YES_ERROR;
				CLANG_WARN_DOCUMENTATION_COMMENTS = YES;
				CLANG_WARN_EMPTY_BODY = YES;
				CLANG_WARN_ENUM_CONVERSION = YES;
				CLANG_WARN_INFINITE_RECURSION = YES;
				CLANG_WARN_INT_CONVERSION = YES;
				CLANG_WARN_NON_LITERAL_NULL_CONVERSION = YES;
				CLANG_WARN_OBJC_IMPLICIT_RETAIN_SELF = YES;
				CLANG_WARN_OBJC_LITERAL_CONVERSION = YES;
				CLANG_WARN_OBJC_ROOT_CLASS = YES_ERROR;
				CLANG_WARN_QUOTED_INCLUDE_IN_FRAMEWORK_HEADER = YES;
				CLANG_WARN_RANGE_LOOP_ANALYSIS = YES;
				CLANG_WARN_STRICT_PROTOTYPES = YES;
				CLANG_WARN_SUSPICIOUS_MOVE = YES;
				CLANG_WARN_UNGUARDED_AVAILABILITY = YES_AGGRESSIVE;
				CLANG_WARN_UNREACHABLE_CODE = YES;
				CLANG_WARN__DUPLICATE_METHOD_MATCH = YES;
				COPY_PHASE_STRIP = NO;
				DEBUG_INFORMATION_FORMAT = "dwarf-with-dsym";
				ENABLE_NS_ASSERTIONS = NO;
				ENABLE_STRICT_OBJC_MSGSEND = YES;
				ENABLE_USER_SCRIPT_SANDBOXING = YES;
				GCC_C_LANGUAGE_STANDARD = gnu17;
				GCC_NO_COMMON_BLOCKS = YES;
				GCC_WARN_64_TO_32_BIT_CONVERSION = YES;
				GCC_WARN_ABOUT_RETURN_TYPE = YES_ERROR;
				GCC_WARN_UNDECLARED_SELECTOR = YES;
				GCC_WARN_UNINITIALIZED_AUTOS = YES_AGGRESSIVE;
				GCC_WARN_UNUSED_FUNCTION = YES;
				GCC_WARN_UNUSED_VARIABLE = YES;
				IPHONEOS_DEPLOYMENT_TARGET = 18.5;
				LOCALIZATION_PREFERS_STRING_CATALOGS = YES;
				MTL_ENABLE_DEBUG_INFO = NO;
				MTL_FAST_MATH = YES;
				SDKROOT = iphoneos;
				SWIFT_COMPILATION_MODE = wholemodule;
				VALIDATE_PRODUCT = YES;
			};
			name = Release;
		};
		38BF6FBB2E843AAE004EE414 /* Debug */ = {
			isa = XCBuildConfiguration;
			buildSettings = {
				BUNDLE_LOADER = "$(TEST_HOST)";
				CODE_SIGN_STYLE = Automatic;
				CURRENT_PROJECT_VERSION = 1;
				GENERATE_INFOPLIST_FILE = YES;
				IPHONEOS_DEPLOYMENT_TARGET = 18.5;
				MARKETING_VERSION = 1.0;
				PRODUCT_BUNDLE_IDENTIFIER = "denisFortuna.CIAndT-TestTests";
				PRODUCT_NAME = "$(TARGET_NAME)";
				SWIFT_EMIT_LOC_STRINGS = NO;
				SWIFT_VERSION = 5.0;
				TARGETED_DEVICE_FAMILY = "1,2";
				TEST_HOST = "$(BUILT_PRODUCTS_DIR)/CIAndT_Test.app/$(BUNDLE_EXECUTABLE_FOLDER_PATH)/CIAndT_Test";
			};
			name = Debug;
		};
		38BF6FBC2E843AAE004EE414 /* Release */ = {
			isa = XCBuildConfiguration;
			buildSettings = {
				BUNDLE_LOADER = "$(TEST_HOST)";
				CODE_SIGN_STYLE = Automatic;
				CURRENT_PROJECT_VERSION = 1;
				GENERATE_INFOPLIST_FILE = YES;
				IPHONEOS_DEPLOYMENT_TARGET = 18.5;
				MARKETING_VERSION = 1.0;
				PRODUCT_BUNDLE_IDENTIFIER = "denisFortuna.CIAndT-TestTests";
				PRODUCT_NAME = "$(TARGET_NAME)";
				SWIFT_EMIT_LOC_STRINGS = NO;
				SWIFT_VERSION = 5.0;
				TARGETED_DEVICE_FAMILY = "1,2";
				TEST_HOST = "$(BUILT_PRODUCTS_DIR)/CIAndT_Test.app/$(BUNDLE_EXECUTABLE_FOLDER_PATH)/CIAndT_Test";
			};
			name = Release;
		};
		38BF6FBE2E843AAE004EE414 /* Debug */ = {
			isa = XCBuildConfiguration;
			buildSettings = {
				CODE_SIGN_STYLE = Automatic;
				CURRENT_PROJECT_VERSION = 1;
				GENERATE_INFOPLIST_FILE = YES;
				MARKETING_VERSION = 1.0;
				PRODUCT_BUNDLE_IDENTIFIER = "denisFortuna.CIAndT-TestUITests";
				PRODUCT_NAME = "$(TARGET_NAME)";
				SWIFT_EMIT_LOC_STRINGS = NO;
				SWIFT_VERSION = 5.0;
				TARGETED_DEVICE_FAMILY = "1,2";
				TEST_TARGET_NAME = CIAndT_Test;
			};
			name = Debug;
		};
		38BF6FBF2E843AAE004EE414 /* Release */ = {
			isa = XCBuildConfiguration;
			buildSettings = {
				CODE_SIGN_STYLE = Automatic;
				CURRENT_PROJECT_VERSION = 1;
				GENERATE_INFOPLIST_FILE = YES;
				MARKETING_VERSION = 1.0;
				PRODUCT_BUNDLE_IDENTIFIER = "denisFortuna.CIAndT-TestUITests";
				PRODUCT_NAME = "$(TARGET_NAME)";
				SWIFT_EMIT_LOC_STRINGS = NO;
				SWIFT_VERSION = 5.0;
				TARGETED_DEVICE_FAMILY = "1,2";
				TEST_TARGET_NAME = CIAndT_Test;
			};
			name = Release;
		};
/* End XCBuildConfiguration section */

/* Begin XCConfigurationList section */
		38BF6F872E843AA9004EE414 /* Build configuration list for PBXProject "CIAndT_Test" */ = {
			isa = XCConfigurationList;
			buildConfigurations = (
				38BF6FB82E843AAE004EE414 /* Debug */,
				38BF6FB92E843AAE004EE414 /* Release */,
			);
			defaultConfigurationIsVisible = 0;
			defaultConfigurationName = Release;
		};
		38BF6FB52E843AAE004EE414 /* Build configuration list for PBXNativeTarget "CIAndT_Test" */ = {
			isa = XCConfigurationList;
			buildConfigurations = (
				38BF6FB62E843AAE004EE414 /* Debug */,
				38BF6FB72E843AAE004EE414 /* Release */,
			);
			defaultConfigurationIsVisible = 0;
			defaultConfigurationName = Release;
		};
		38BF6FBA2E843AAE004EE414 /* Build configuration list for PBXNativeTarget "CIAndT_TestTests" */ = {
			isa = XCConfigurationList;
			buildConfigurations = (
				38BF6FBB2E843AAE004EE414 /* Debug */,
				38BF6FBC2E843AAE004EE414 /* Release */,
			);
			defaultConfigurationIsVisible = 0;
			defaultConfigurationName = Release;
		};
		38BF6FBD2E843AAE004EE414 /* Build configuration list for PBXNativeTarget "CIAndT_TestUITests" */ = {
			isa = XCConfigurationList;
			buildConfigurations = (
				38BF6FBE2E843AAE004EE414 /* Debug */,
				38BF6FBF2E843AAE004EE414 /* Release */,
			);
			defaultConfigurationIsVisible = 0;
			defaultConfigurationName = Release;
		};
/* End XCConfigurationList section */
	};
	rootObject = 38BF6F842E843AA9004EE414 /* Project object */;
}
